
Microsoft Visual Studio Solution File, Format Version 12.00
# Visual Studio Version 16
VisualStudioVersion = 16.0.30717.126
MinimumVisualStudioVersion = 10.0.40219.1
Project("{FAE04EC0-301F-11D3-BF4B-00C04F79EFBC}") = "ARC_Assembler", "ARC_Assembler.csproj", "{ABC0FDE3-3A76-4327-9450-09ED0868FFD8}"
EndProject
Global
	GlobalSection(SolutionConfigurationPlatforms) = preSolution
		Debug|Any CPU = Debug|Any CPU
		Release|Any CPU = Release|Any CPU
	EndGlobalSection
	GlobalSection(ProjectConfigurationPlatforms) = postSolution
		{ABC0FDE3-3A76-4327-9450-09ED0868FFD8}.Debug|Any CPU.ActiveCfg = Debug|Any CPU
		{ABC0FDE3-3A76-4327-9450-09ED0868FFD8}.Debug|Any CPU.Build.0 = Debug|Any CPU
		{ABC0FDE3-3A76-4327-9450-09ED0868FFD8}.Release|Any CPU.ActiveCfg = Release|Any CPU
		{ABC0FDE3-3A76-4327-9450-09ED0868FFD8}.Release|Any CPU.Build.0 = Release|Any CPU
	EndGlobalSection
	GlobalSection(SolutionProperties) = preSolution
		HideSolutionNode = FALSE
	EndGlobalSection
	GlobalSection(ExtensibilityGlobals) = postSolution
		SolutionGuid = {D3EC51CF-D9E5-4F79-AD1C-E8048CB27CF2}
	EndGlobalSection
EndGlobal
